
Microsoft Visual Studio Solution File, Format Version 12.00
# Visual Studio Version 17
VisualStudioVersion = 17.9.34622.214
MinimumVisualStudioVersion = 10.0.40219.1
Project("{FAE04EC0-301F-11D3-BF4B-00C04F79EFBC}") = "ExamUi", "ExamUi\ExamUi.csproj", "{827C18A3-3463-4A2B-87A5-D825FD2F6F9A}"
EndProject
Project("{FAE04EC0-301F-11D3-BF4B-00C04F79EFBC}") = "ExamLib", "ExamLib\ExamLib.csproj", "{9E4C0C54-5578-48B8-9083-C2AFDA944BD6}"
EndProject
Global
	GlobalSection(SolutionConfigurationPlatforms) = preSolution
		Debug|Any CPU = Debug|Any CPU
		Release|Any CPU = Release|Any CPU
	EndGlobalSection
	GlobalSection(ProjectConfigurationPlatforms) = postSolution
		{827C18A3-3463-4A2B-87A5-D825FD2F6F9A}.Debug|Any CPU.ActiveCfg = Debug|Any CPU
		{827C18A3-3463-4A2B-87A5-D825FD2F6F9A}.Debug|Any CPU.Build.0 = Debug|Any CPU
		{827C18A3-3463-4A2B-87A5-D825FD2F6F9A}.Release|Any CPU.ActiveCfg = Release|Any CPU
		{827C18A3-3463-4A2B-87A5-D825FD2F6F9A}.Release|Any CPU.Build.0 = Release|Any CPU
		{9E4C0C54-5578-48B8-9083-C2AFDA944BD6}.Debug|Any CPU.ActiveCfg = Debug|Any CPU
		{9E4C0C54-5578-48B8-9083-C2AFDA944BD6}.Debug|Any CPU.Build.0 = Debug|Any CPU
		{9E4C0C54-5578-48B8-9083-C2AFDA944BD6}.Release|Any CPU.ActiveCfg = Release|Any CPU
		{9E4C0C54-5578-48B8-9083-C2AFDA944BD6}.Release|Any CPU.Build.0 = Release|Any CPU
	EndGlobalSection
	GlobalSection(SolutionProperties) = preSolution
		HideSolutionNode = FALSE
	EndGlobalSection
	GlobalSection(ExtensibilityGlobals) = postSolution
		SolutionGuid = {EDC41D76-0BF9-4D70-A3B4-047EB02332F0}
	EndGlobalSection
EndGlobal
